
Microsoft Visual Studio Solution File, Format Version 12.00
# Visual Studio 15
VisualStudioVersion = 15.0.27004.2009
MinimumVisualStudioVersion = 10.0.40219.1
Project("{888888A0-9F3D-457C-B088-3A5042F75D52}") = "Cryptocurrency_Analysis_vs", "Cryptocurrency_Analysis_vs.pyproj", "{0518EE66-4F55-4720-8F6E-C0C5D68F1D57}"
EndProject
Global
	GlobalSection(SolutionConfigurationPlatforms) = preSolution
		Debug|Any CPU = Debug|Any CPU
		Release|Any CPU = Release|Any CPU
	EndGlobalSection
	GlobalSection(ProjectConfigurationPlatforms) = postSolution
		{0518EE66-4F55-4720-8F6E-C0C5D68F1D57}.Debug|Any CPU.ActiveCfg = Debug|Any CPU
		{0518EE66-4F55-4720-8F6E-C0C5D68F1D57}.Release|Any CPU.ActiveCfg = Release|Any CPU
	EndGlobalSection
	GlobalSection(SolutionProperties) = preSolution
		HideSolutionNode = FALSE
	EndGlobalSection
	GlobalSection(ExtensibilityGlobals) = postSolution
		SolutionGuid = {0B26B053-744E-4DC7-806D-C89824199F88}
	EndGlobalSection
EndGlobal
